
Microsoft Visual Studio Solution File, Format Version 12.00
# Visual Studio Version 17
VisualStudioVersion = 17.13.35828.75 d17.13
MinimumVisualStudioVersion = 10.0.40219.1
Project("{FAE04EC0-301F-11D3-BF4B-00C04F79EFBC}") = "TaskManagerAPI", "TaskManagerAPI.csproj", "{4109B063-B033-4C05-B7EE-DD630245516C}"
EndProject
Project("{FAE04EC0-301F-11D3-BF4B-00C04F79EFBC}") = "TaskManagerLib", "..\TaskManagerLib\TaskManagerLib.csproj", "{E4A24EFF-A399-4E20-8A2D-E03FEF24F0C9}"
EndProject
Project("{FAE04EC0-301F-11D3-BF4B-00C04F79EFBC}") = "TaskManager.Tests", "..\TaskManager.Tests\TaskManager.Tests.csproj", "{4DF2E737-65AB-4343-B198-1B8853555EC7}"
EndProject
Global
	GlobalSection(SolutionConfigurationPlatforms) = preSolution
		Debug|Any CPU = Debug|Any CPU
		Release|Any CPU = Release|Any CPU
	EndGlobalSection
	GlobalSection(ProjectConfigurationPlatforms) = postSolution
		{4109B063-B033-4C05-B7EE-DD630245516C}.Debug|Any CPU.ActiveCfg = Debug|Any CPU
		{4109B063-B033-4C05-B7EE-DD630245516C}.Debug|Any CPU.Build.0 = Debug|Any CPU
		{4109B063-B033-4C05-B7EE-DD630245516C}.Release|Any CPU.ActiveCfg = Release|Any CPU
		{4109B063-B033-4C05-B7EE-DD630245516C}.Release|Any CPU.Build.0 = Release|Any CPU
		{E4A24EFF-A399-4E20-8A2D-E03FEF24F0C9}.Debug|Any CPU.ActiveCfg = Debug|Any CPU
		{E4A24EFF-A399-4E20-8A2D-E03FEF24F0C9}.Debug|Any CPU.Build.0 = Debug|Any CPU
		{E4A24EFF-A399-4E20-8A2D-E03FEF24F0C9}.Release|Any CPU.ActiveCfg = Release|Any CPU
		{E4A24EFF-A399-4E20-8A2D-E03FEF24F0C9}.Release|Any CPU.Build.0 = Release|Any CPU
		{4DF2E737-65AB-4343-B198-1B8853555EC7}.Debug|Any CPU.ActiveCfg = Debug|Any CPU
		{4DF2E737-65AB-4343-B198-1B8853555EC7}.Debug|Any CPU.Build.0 = Debug|Any CPU
		{4DF2E737-65AB-4343-B198-1B8853555EC7}.Release|Any CPU.ActiveCfg = Release|Any CPU
		{4DF2E737-65AB-4343-B198-1B8853555EC7}.Release|Any CPU.Build.0 = Release|Any CPU
	EndGlobalSection
	GlobalSection(SolutionProperties) = preSolution
		HideSolutionNode = FALSE
	EndGlobalSection
	GlobalSection(ExtensibilityGlobals) = postSolution
		SolutionGuid = {CF218513-DEA0-4C6E-BB11-AF76AA29D80B}
	EndGlobalSection
EndGlobal
